
Microsoft Visual Studio Solution File, Format Version 12.00
# Visual Studio Version 17
VisualStudioVersion = 17.1.31911.260
MinimumVisualStudioVersion = 10.0.40219.1
Project("{9A19103F-16F7-4668-BE54-9A1E7A4F7556}") = "Afirme", "Afirme\Afirme.csproj", "{77B04DC6-EDCE-4786-B1F9-20692B101B63}"
EndProject
Project("{FAE04EC0-301F-11D3-BF4B-00C04F79EFBC}") = "AfirmeNegocio", "AfirmeNegocio\AfirmeNegocio.csproj", "{369CE2D0-39C3-4AB6-BECB-A44D9FF311C3}"
EndProject
Global
	GlobalSection(SolutionConfigurationPlatforms) = preSolution
		Debug|Any CPU = Debug|Any CPU
		Release|Any CPU = Release|Any CPU
	EndGlobalSection
	GlobalSection(ProjectConfigurationPlatforms) = postSolution
		{77B04DC6-EDCE-4786-B1F9-20692B101B63}.Debug|Any CPU.ActiveCfg = Debug|Any CPU
		{77B04DC6-EDCE-4786-B1F9-20692B101B63}.Debug|Any CPU.Build.0 = Debug|Any CPU
		{77B04DC6-EDCE-4786-B1F9-20692B101B63}.Release|Any CPU.ActiveCfg = Release|Any CPU
		{77B04DC6-EDCE-4786-B1F9-20692B101B63}.Release|Any CPU.Build.0 = Release|Any CPU
		{369CE2D0-39C3-4AB6-BECB-A44D9FF311C3}.Debug|Any CPU.ActiveCfg = Debug|Any CPU
		{369CE2D0-39C3-4AB6-BECB-A44D9FF311C3}.Debug|Any CPU.Build.0 = Debug|Any CPU
		{369CE2D0-39C3-4AB6-BECB-A44D9FF311C3}.Release|Any CPU.ActiveCfg = Release|Any CPU
		{369CE2D0-39C3-4AB6-BECB-A44D9FF311C3}.Release|Any CPU.Build.0 = Release|Any CPU
	EndGlobalSection
	GlobalSection(SolutionProperties) = preSolution
		HideSolutionNode = FALSE
	EndGlobalSection
	GlobalSection(ExtensibilityGlobals) = postSolution
		SolutionGuid = {974921B9-81B0-4790-A420-A3F3B445A454}
	EndGlobalSection
EndGlobal
